
Microsoft Visual Studio Solution File, Format Version 12.00
# Visual Studio Express 15 for Windows Desktop
VisualStudioVersion = 15.0.34829.251
MinimumVisualStudioVersion = 10.0.40219.1
Project("{FAE04EC0-301F-11D3-BF4B-00C04F79EFBC}") = "ExercicioLambda", "ExercicioLambda\ExercicioLambda.csproj", "{FA8D736B-4E52-440B-A03D-3CE9721E7597}"
EndProject
Project("{FAE04EC0-301F-11D3-BF4B-00C04F79EFBC}") = "ExerciciosLINQ", "ExerciciosLINQ\ExerciciosLINQ.csproj", "{3DD18097-106D-4269-B356-532C627C26CD}"
EndProject
Global
	GlobalSection(SolutionConfigurationPlatforms) = preSolution
		Debug|Any CPU = Debug|Any CPU
		Release|Any CPU = Release|Any CPU
	EndGlobalSection
	GlobalSection(ProjectConfigurationPlatforms) = postSolution
		{FA8D736B-4E52-440B-A03D-3CE9721E7597}.Debug|Any CPU.ActiveCfg = Debug|Any CPU
		{FA8D736B-4E52-440B-A03D-3CE9721E7597}.Debug|Any CPU.Build.0 = Debug|Any CPU
		{FA8D736B-4E52-440B-A03D-3CE9721E7597}.Release|Any CPU.ActiveCfg = Release|Any CPU
		{FA8D736B-4E52-440B-A03D-3CE9721E7597}.Release|Any CPU.Build.0 = Release|Any CPU
		{3DD18097-106D-4269-B356-532C627C26CD}.Debug|Any CPU.ActiveCfg = Debug|Any CPU
		{3DD18097-106D-4269-B356-532C627C26CD}.Debug|Any CPU.Build.0 = Debug|Any CPU
		{3DD18097-106D-4269-B356-532C627C26CD}.Release|Any CPU.ActiveCfg = Release|Any CPU
		{3DD18097-106D-4269-B356-532C627C26CD}.Release|Any CPU.Build.0 = Release|Any CPU
	EndGlobalSection
	GlobalSection(SolutionProperties) = preSolution
		HideSolutionNode = FALSE
	EndGlobalSection
	GlobalSection(ExtensibilityGlobals) = postSolution
		SolutionGuid = {A8112B3D-98E8-425A-91E5-F78F337B578A}
	EndGlobalSection
EndGlobal
